
Microsoft Visual Studio Solution File, Format Version 12.00
# Visual Studio Version 17
VisualStudioVersion = 17.0.31912.275
MinimumVisualStudioVersion = 10.0.40219.1
Project("{2150E333-8FDC-42A3-9474-1A3956D46DE8}") = "Solution Items", "Solution Items", "{3EEBC322-872F-4013-A32A-CA1E2E5204AA}"
	ProjectSection(SolutionItems) = preProject
		.envrc = .envrc
		dotnet-tools.json = dotnet-tools.json
	EndProjectSection
EndProject
Project("{9A19103F-16F7-4668-BE54-9A1E7A4F7556}") = "Console Runner", "Console Runner\Console Runner.csproj", "{EB11D2DE-CEA6-43B6-A1FC-93E9ECBC8ADB}"
EndProject
Project("{9A19103F-16F7-4668-BE54-9A1E7A4F7556}") = "UnitTest", "UnitTest\UnitTest.csproj", "{88BA6362-65F4-4B03-9FC4-26614065B87F}"
EndProject
Project("{2150E333-8FDC-42A3-9474-1A3956D46DE8}") = "Backend", "Backend", "{38E4F9C7-98B9-49D7-B5FE-B587CF9F8636}"
EndProject
Project("{9A19103F-16F7-4668-BE54-9A1E7A4F7556}") = "Front-End", "Front-End\Front-End.csproj", "{B1998D1B-C53D-4FE2-B122-E11E89AC2AFD}"
EndProject
Project("{2150E333-8FDC-42A3-9474-1A3956D46DE8}") = "ServiceManager", "ServiceManager", "{FD9D9894-5783-48AD-AAE3-84A8D63F4985}"
EndProject
Project("{9A19103F-16F7-4668-BE54-9A1E7A4F7556}") = "Food", "Food\Food.csproj", "{23C851F8-264B-4EB9-B74D-0E1980616FCC}"
EndProject
Project("{9A19103F-16F7-4668-BE54-9A1E7A4F7556}") = "Scan", "Scan\Scan.csproj", "{BBA12A0C-3A1B-49E2-AA9A-145B8586DC58}"
EndProject
Project("{9A19103F-16F7-4668-BE54-9A1E7A4F7556}") = "News", "News\News.csproj", "{78472C49-5768-4A97-89A3-9E661C1FF717}"
EndProject
Project("{FAE04EC0-301F-11D3-BF4B-00C04F79EFBC}") = "Account", "Account\Account.csproj", "{E20F7D03-5C92-4E8D-B245-FF9022483DDF}"
EndProject
Project("{FAE04EC0-301F-11D3-BF4B-00C04F79EFBC}") = "OLDMicroservice.AccountLogin", "ServiceManager\Microservice.AccountLogin\OLDMicroservice.AccountLogin.csproj", "{EDC05B50-3CEE-4B4F-BCA5-11AB98C199FF}"
EndProject
Project("{FAE04EC0-301F-11D3-BF4B-00C04F79EFBC}") = "OLDAPIGateway", "ServiceManager\APIGateway\OLDAPIGateway.csproj", "{9DF20DBE-CFD1-409E-8730-009EFF7C5005}"
EndProject
Project("{FAE04EC0-301F-11D3-BF4B-00C04F79EFBC}") = "DAL", "ServiceManager\DAL\DAL.csproj", "{A7568877-888A-4199-BE08-33E36C46F37D}"
EndProject
Project("{FAE04EC0-301F-11D3-BF4B-00C04F79EFBC}") = "Gateway.WebApi", "ServiceManager\Gateway.WebApi\Gateway.WebApi.csproj", "{55796261-5C99-4629-99EE-04CD04976E8F}"
EndProject
Global
	GlobalSection(SolutionConfigurationPlatforms) = preSolution
		Debug|Any CPU = Debug|Any CPU
		Release|Any CPU = Release|Any CPU
	EndGlobalSection
	GlobalSection(ProjectConfigurationPlatforms) = postSolution
		{EB11D2DE-CEA6-43B6-A1FC-93E9ECBC8ADB}.Debug|Any CPU.ActiveCfg = Debug|Any CPU
		{EB11D2DE-CEA6-43B6-A1FC-93E9ECBC8ADB}.Debug|Any CPU.Build.0 = Debug|Any CPU
		{EB11D2DE-CEA6-43B6-A1FC-93E9ECBC8ADB}.Release|Any CPU.ActiveCfg = Release|Any CPU
		{EB11D2DE-CEA6-43B6-A1FC-93E9ECBC8ADB}.Release|Any CPU.Build.0 = Release|Any CPU
		{88BA6362-65F4-4B03-9FC4-26614065B87F}.Debug|Any CPU.ActiveCfg = Debug|Any CPU
		{88BA6362-65F4-4B03-9FC4-26614065B87F}.Debug|Any CPU.Build.0 = Debug|Any CPU
		{88BA6362-65F4-4B03-9FC4-26614065B87F}.Release|Any CPU.ActiveCfg = Release|Any CPU
		{88BA6362-65F4-4B03-9FC4-26614065B87F}.Release|Any CPU.Build.0 = Release|Any CPU
		{B1998D1B-C53D-4FE2-B122-E11E89AC2AFD}.Debug|Any CPU.ActiveCfg = Debug|Any CPU
		{B1998D1B-C53D-4FE2-B122-E11E89AC2AFD}.Debug|Any CPU.Build.0 = Debug|Any CPU
		{B1998D1B-C53D-4FE2-B122-E11E89AC2AFD}.Release|Any CPU.ActiveCfg = Release|Any CPU
		{B1998D1B-C53D-4FE2-B122-E11E89AC2AFD}.Release|Any CPU.Build.0 = Release|Any CPU
		{23C851F8-264B-4EB9-B74D-0E1980616FCC}.Debug|Any CPU.ActiveCfg = Debug|Any CPU
		{23C851F8-264B-4EB9-B74D-0E1980616FCC}.Debug|Any CPU.Build.0 = Debug|Any CPU
		{23C851F8-264B-4EB9-B74D-0E1980616FCC}.Release|Any CPU.ActiveCfg = Release|Any CPU
		{23C851F8-264B-4EB9-B74D-0E1980616FCC}.Release|Any CPU.Build.0 = Release|Any CPU
		{BBA12A0C-3A1B-49E2-AA9A-145B8586DC58}.Debug|Any CPU.ActiveCfg = Debug|Any CPU
		{BBA12A0C-3A1B-49E2-AA9A-145B8586DC58}.Debug|Any CPU.Build.0 = Debug|Any CPU
		{BBA12A0C-3A1B-49E2-AA9A-145B8586DC58}.Release|Any CPU.ActiveCfg = Release|Any CPU
		{BBA12A0C-3A1B-49E2-AA9A-145B8586DC58}.Release|Any CPU.Build.0 = Release|Any CPU
		{78472C49-5768-4A97-89A3-9E661C1FF717}.Debug|Any CPU.ActiveCfg = Debug|Any CPU
		{78472C49-5768-4A97-89A3-9E661C1FF717}.Debug|Any CPU.Build.0 = Debug|Any CPU
		{78472C49-5768-4A97-89A3-9E661C1FF717}.Release|Any CPU.ActiveCfg = Release|Any CPU
		{78472C49-5768-4A97-89A3-9E661C1FF717}.Release|Any CPU.Build.0 = Release|Any CPU
		{E20F7D03-5C92-4E8D-B245-FF9022483DDF}.Debug|Any CPU.ActiveCfg = Debug|Any CPU
		{E20F7D03-5C92-4E8D-B245-FF9022483DDF}.Debug|Any CPU.Build.0 = Debug|Any CPU
		{E20F7D03-5C92-4E8D-B245-FF9022483DDF}.Release|Any CPU.ActiveCfg = Release|Any CPU
		{E20F7D03-5C92-4E8D-B245-FF9022483DDF}.Release|Any CPU.Build.0 = Release|Any CPU
		{EDC05B50-3CEE-4B4F-BCA5-11AB98C199FF}.Debug|Any CPU.ActiveCfg = Debug|Any CPU
		{EDC05B50-3CEE-4B4F-BCA5-11AB98C199FF}.Debug|Any CPU.Build.0 = Debug|Any CPU
		{EDC05B50-3CEE-4B4F-BCA5-11AB98C199FF}.Release|Any CPU.ActiveCfg = Release|Any CPU
		{EDC05B50-3CEE-4B4F-BCA5-11AB98C199FF}.Release|Any CPU.Build.0 = Release|Any CPU
		{9DF20DBE-CFD1-409E-8730-009EFF7C5005}.Debug|Any CPU.ActiveCfg = Debug|Any CPU
		{9DF20DBE-CFD1-409E-8730-009EFF7C5005}.Debug|Any CPU.Build.0 = Debug|Any CPU
		{9DF20DBE-CFD1-409E-8730-009EFF7C5005}.Release|Any CPU.ActiveCfg = Release|Any CPU
		{9DF20DBE-CFD1-409E-8730-009EFF7C5005}.Release|Any CPU.Build.0 = Release|Any CPU
		{A7568877-888A-4199-BE08-33E36C46F37D}.Debug|Any CPU.ActiveCfg = Debug|Any CPU
		{A7568877-888A-4199-BE08-33E36C46F37D}.Debug|Any CPU.Build.0 = Debug|Any CPU
		{A7568877-888A-4199-BE08-33E36C46F37D}.Release|Any CPU.ActiveCfg = Release|Any CPU
		{A7568877-888A-4199-BE08-33E36C46F37D}.Release|Any CPU.Build.0 = Release|Any CPU
		{55796261-5C99-4629-99EE-04CD04976E8F}.Debug|Any CPU.ActiveCfg = Debug|Any CPU
		{55796261-5C99-4629-99EE-04CD04976E8F}.Debug|Any CPU.Build.0 = Debug|Any CPU
		{55796261-5C99-4629-99EE-04CD04976E8F}.Release|Any CPU.ActiveCfg = Release|Any CPU
		{55796261-5C99-4629-99EE-04CD04976E8F}.Release|Any CPU.Build.0 = Release|Any CPU
	EndGlobalSection
	GlobalSection(SolutionProperties) = preSolution
		HideSolutionNode = FALSE
	EndGlobalSection
	GlobalSection(NestedProjects) = preSolution
		{FD9D9894-5783-48AD-AAE3-84A8D63F4985} = {38E4F9C7-98B9-49D7-B5FE-B587CF9F8636}
		{23C851F8-264B-4EB9-B74D-0E1980616FCC} = {38E4F9C7-98B9-49D7-B5FE-B587CF9F8636}
		{BBA12A0C-3A1B-49E2-AA9A-145B8586DC58} = {38E4F9C7-98B9-49D7-B5FE-B587CF9F8636}
		{78472C49-5768-4A97-89A3-9E661C1FF717} = {38E4F9C7-98B9-49D7-B5FE-B587CF9F8636}
		{E20F7D03-5C92-4E8D-B245-FF9022483DDF} = {38E4F9C7-98B9-49D7-B5FE-B587CF9F8636}
		{EDC05B50-3CEE-4B4F-BCA5-11AB98C199FF} = {FD9D9894-5783-48AD-AAE3-84A8D63F4985}
		{9DF20DBE-CFD1-409E-8730-009EFF7C5005} = {FD9D9894-5783-48AD-AAE3-84A8D63F4985}
		{A7568877-888A-4199-BE08-33E36C46F37D} = {FD9D9894-5783-48AD-AAE3-84A8D63F4985}
		{55796261-5C99-4629-99EE-04CD04976E8F} = {FD9D9894-5783-48AD-AAE3-84A8D63F4985}
	EndGlobalSection
	GlobalSection(ExtensibilityGlobals) = postSolution
		SolutionGuid = {3FB2AC29-9ACE-4832-BC8B-83F92A91EB4B}
	EndGlobalSection
EndGlobal
