
Microsoft Visual Studio Solution File, Format Version 12.00
# Visual Studio Version 17
VisualStudioVersion = 17.0.31912.275
MinimumVisualStudioVersion = 10.0.40219.1
Project("{2150E333-8FDC-42A3-9474-1A3956D46DE8}") = "Microservices", "Microservices", "{65FC4CBB-288F-4242-B619-5DB1AE176380}"
EndProject
Project("{9A19103F-16F7-4668-BE54-9A1E7A4F7556}") = "Microservices.AccountLogin", "Microservices.AccountLogin\Microservices.AccountLogin.csproj", "{1C60CB10-B735-4D3B-B66A-48AAB5B5B34C}"
EndProject
Project("{9A19103F-16F7-4668-BE54-9A1E7A4F7556}") = "APIGateway", "APIGateway\APIGateway.csproj", "{3242E76F-317F-4DFB-BFBC-27C310B041BD}"
EndProject
Project("{9A19103F-16F7-4668-BE54-9A1E7A4F7556}") = "Microservices.UserUploads", "UserUploads\Microservices.UserUploads.csproj", "{6B5BBB3E-275D-450E-9989-84D062A0376D}"
EndProject
Project("{9A19103F-16F7-4668-BE54-9A1E7A4F7556}") = "Microservices.FoodInformation", "FoodInformation\Microservices.FoodInformation.csproj", "{CA86B26F-197B-40DB-9C87-1AFB9FB03597}"
EndProject
Project("{9A19103F-16F7-4668-BE54-9A1E7A4F7556}") = "Microservices.History", "Microservices.History\Microservices.History.csproj", "{D7B1EF43-32AE-4740-A3B8-E4F7A7EECF01}"
EndProject
Project("{9A19103F-16F7-4668-BE54-9A1E7A4F7556}") = "Microservices.Scan_Search", "Microservices.Scan_Search\Microservices.Scan_Search.csproj", "{8798EC60-56C6-4DB7-BDF8-701D0A0DC441}"
EndProject
Project("{9A19103F-16F7-4668-BE54-9A1E7A4F7556}") = "Microservices.News", "Microservices.News\Microservices.News.csproj", "{E1EA3C13-8504-4123-A3EC-6327562C7BDE}"
EndProject
Project("{FAE04EC0-301F-11D3-BF4B-00C04F79EFBC}") = "DAL", "DAL\DAL.csproj", "{3413718E-9C62-454C-B48F-F92E4022C8EC}"
EndProject
Global
	GlobalSection(SolutionConfigurationPlatforms) = preSolution
		Debug|Any CPU = Debug|Any CPU
		Release|Any CPU = Release|Any CPU
	EndGlobalSection
	GlobalSection(ProjectConfigurationPlatforms) = postSolution
		{1C60CB10-B735-4D3B-B66A-48AAB5B5B34C}.Debug|Any CPU.ActiveCfg = Debug|Any CPU
		{1C60CB10-B735-4D3B-B66A-48AAB5B5B34C}.Debug|Any CPU.Build.0 = Debug|Any CPU
		{1C60CB10-B735-4D3B-B66A-48AAB5B5B34C}.Release|Any CPU.ActiveCfg = Release|Any CPU
		{1C60CB10-B735-4D3B-B66A-48AAB5B5B34C}.Release|Any CPU.Build.0 = Release|Any CPU
		{3242E76F-317F-4DFB-BFBC-27C310B041BD}.Debug|Any CPU.ActiveCfg = Debug|Any CPU
		{3242E76F-317F-4DFB-BFBC-27C310B041BD}.Debug|Any CPU.Build.0 = Debug|Any CPU
		{3242E76F-317F-4DFB-BFBC-27C310B041BD}.Release|Any CPU.ActiveCfg = Release|Any CPU
		{3242E76F-317F-4DFB-BFBC-27C310B041BD}.Release|Any CPU.Build.0 = Release|Any CPU
		{6B5BBB3E-275D-450E-9989-84D062A0376D}.Debug|Any CPU.ActiveCfg = Debug|Any CPU
		{6B5BBB3E-275D-450E-9989-84D062A0376D}.Debug|Any CPU.Build.0 = Debug|Any CPU
		{6B5BBB3E-275D-450E-9989-84D062A0376D}.Release|Any CPU.ActiveCfg = Release|Any CPU
		{6B5BBB3E-275D-450E-9989-84D062A0376D}.Release|Any CPU.Build.0 = Release|Any CPU
		{CA86B26F-197B-40DB-9C87-1AFB9FB03597}.Debug|Any CPU.ActiveCfg = Debug|Any CPU
		{CA86B26F-197B-40DB-9C87-1AFB9FB03597}.Debug|Any CPU.Build.0 = Debug|Any CPU
		{CA86B26F-197B-40DB-9C87-1AFB9FB03597}.Release|Any CPU.ActiveCfg = Release|Any CPU
		{CA86B26F-197B-40DB-9C87-1AFB9FB03597}.Release|Any CPU.Build.0 = Release|Any CPU
		{D7B1EF43-32AE-4740-A3B8-E4F7A7EECF01}.Debug|Any CPU.ActiveCfg = Debug|Any CPU
		{D7B1EF43-32AE-4740-A3B8-E4F7A7EECF01}.Debug|Any CPU.Build.0 = Debug|Any CPU
		{D7B1EF43-32AE-4740-A3B8-E4F7A7EECF01}.Release|Any CPU.ActiveCfg = Release|Any CPU
		{D7B1EF43-32AE-4740-A3B8-E4F7A7EECF01}.Release|Any CPU.Build.0 = Release|Any CPU
		{8798EC60-56C6-4DB7-BDF8-701D0A0DC441}.Debug|Any CPU.ActiveCfg = Debug|Any CPU
		{8798EC60-56C6-4DB7-BDF8-701D0A0DC441}.Debug|Any CPU.Build.0 = Debug|Any CPU
		{8798EC60-56C6-4DB7-BDF8-701D0A0DC441}.Release|Any CPU.ActiveCfg = Release|Any CPU
		{8798EC60-56C6-4DB7-BDF8-701D0A0DC441}.Release|Any CPU.Build.0 = Release|Any CPU
		{E1EA3C13-8504-4123-A3EC-6327562C7BDE}.Debug|Any CPU.ActiveCfg = Debug|Any CPU
		{E1EA3C13-8504-4123-A3EC-6327562C7BDE}.Debug|Any CPU.Build.0 = Debug|Any CPU
		{E1EA3C13-8504-4123-A3EC-6327562C7BDE}.Release|Any CPU.ActiveCfg = Release|Any CPU
		{E1EA3C13-8504-4123-A3EC-6327562C7BDE}.Release|Any CPU.Build.0 = Release|Any CPU
		{3413718E-9C62-454C-B48F-F92E4022C8EC}.Debug|Any CPU.ActiveCfg = Debug|Any CPU
		{3413718E-9C62-454C-B48F-F92E4022C8EC}.Debug|Any CPU.Build.0 = Debug|Any CPU
		{3413718E-9C62-454C-B48F-F92E4022C8EC}.Release|Any CPU.ActiveCfg = Release|Any CPU
		{3413718E-9C62-454C-B48F-F92E4022C8EC}.Release|Any CPU.Build.0 = Release|Any CPU
	EndGlobalSection
	GlobalSection(SolutionProperties) = preSolution
		HideSolutionNode = FALSE
	EndGlobalSection
	GlobalSection(NestedProjects) = preSolution
		{1C60CB10-B735-4D3B-B66A-48AAB5B5B34C} = {65FC4CBB-288F-4242-B619-5DB1AE176380}
		{6B5BBB3E-275D-450E-9989-84D062A0376D} = {65FC4CBB-288F-4242-B619-5DB1AE176380}
		{CA86B26F-197B-40DB-9C87-1AFB9FB03597} = {65FC4CBB-288F-4242-B619-5DB1AE176380}
		{D7B1EF43-32AE-4740-A3B8-E4F7A7EECF01} = {65FC4CBB-288F-4242-B619-5DB1AE176380}
		{8798EC60-56C6-4DB7-BDF8-701D0A0DC441} = {65FC4CBB-288F-4242-B619-5DB1AE176380}
		{E1EA3C13-8504-4123-A3EC-6327562C7BDE} = {65FC4CBB-288F-4242-B619-5DB1AE176380}
		{3413718E-9C62-454C-B48F-F92E4022C8EC} = {65FC4CBB-288F-4242-B619-5DB1AE176380}
	EndGlobalSection
	GlobalSection(ExtensibilityGlobals) = postSolution
		SolutionGuid = {5B4EDC38-F65A-4AA2-877A-00D598ABE4A0}
	EndGlobalSection
EndGlobal
